
Microsoft Visual Studio Solution File, Format Version 12.00
# Visual Studio 14
VisualStudioVersion = 14.0.24720.0
MinimumVisualStudioVersion = 10.0.40219.1
Project("{39E2626F-3545-4960-A6E8-258AD8476CE5}") = "HeadTest.Packaging", "Android\HeadTest.Packaging\HeadTest.Packaging.androidproj", "{419EE270-C09A-413C-833E-D733F39DCAA2}"
	ProjectSection(ProjectDependencies) = postProject
		{1028B570-EC5B-4648-82D3-9476036D89E3} = {1028B570-EC5B-4648-82D3-9476036D89E3}
	EndProjectSection
EndProject
Project("{8BC9CEB8-8B4A-11D0-8D11-00A0C91BC942}") = "HeadTest.NativeActivity", "Android\HeadTest.NativeActivity\HeadTest.NativeActivity.vcxproj", "{1028B570-EC5B-4648-82D3-9476036D89E3}"
	ProjectSection(ProjectDependencies) = postProject
		{A8C85841-7881-4EF3-B91B-0985F1DA2AD1} = {A8C85841-7881-4EF3-B91B-0985F1DA2AD1}
		{A82AAE65-E1A4-4D1E-9128-EE95953BA6A0} = {A82AAE65-E1A4-4D1E-9128-EE95953BA6A0}
	EndProjectSection
EndProject
Project("{8BC9CEB8-8B4A-11D0-8D11-00A0C91BC942}") = "Engine", "Source\Engine\Projects\Android\Engine.vcxproj", "{A82AAE65-E1A4-4D1E-9128-EE95953BA6A0}"
EndProject
Project("{8BC9CEB8-8B4A-11D0-8D11-00A0C91BC942}") = "RenderSystem_GLES2", "Source\RenderSystems\Projects\Android\RenderSystem_GLES2.vcxproj", "{A8C85841-7881-4EF3-B91B-0985F1DA2AD1}"
EndProject
Project("{2150E333-8FDC-42A3-9474-1A3956D46DE8}") = "Samples", "Samples", "{0BC6E182-9178-4D3D-888D-0CEE53987559}"
EndProject
Project("{8BC9CEB8-8B4A-11D0-8D11-00A0C91BC942}") = "BasicTest.NativeActivity", "Android\BasicTest.NativeActivity\BasicTest.NativeActivity.vcxproj", "{D26A57F7-3869-405A-A643-AEC495521609}"
	ProjectSection(ProjectDependencies) = postProject
		{A8C85841-7881-4EF3-B91B-0985F1DA2AD1} = {A8C85841-7881-4EF3-B91B-0985F1DA2AD1}
		{A82AAE65-E1A4-4D1E-9128-EE95953BA6A0} = {A82AAE65-E1A4-4D1E-9128-EE95953BA6A0}
	EndProjectSection
EndProject
Project("{39E2626F-3545-4960-A6E8-258AD8476CE5}") = "BasicTest.Packaging", "Android\BasicTest.Packaging\BasicTest.Packaging.androidproj", "{212BDDC4-D660-403A-8289-A2FFDDFBB398}"
EndProject
Project("{8BC9CEB8-8B4A-11D0-8D11-00A0C91BC942}") = "PrimitiveTest.NativeActivity", "Android\PrimitiveTest.NativeActivity\PrimitiveTest.NativeActivity.vcxproj", "{AB5979F1-F95C-4BA3-99F8-C77BD9BA2EA5}"
	ProjectSection(ProjectDependencies) = postProject
		{A8C85841-7881-4EF3-B91B-0985F1DA2AD1} = {A8C85841-7881-4EF3-B91B-0985F1DA2AD1}
		{A82AAE65-E1A4-4D1E-9128-EE95953BA6A0} = {A82AAE65-E1A4-4D1E-9128-EE95953BA6A0}
	EndProjectSection
EndProject
Project("{39E2626F-3545-4960-A6E8-258AD8476CE5}") = "PrimitiveTest.Packaging", "Android\PrimitiveTest.Packaging\PrimitiveTest.Packaging.androidproj", "{F71EA7ED-79F1-4BD8-BD67-C45C7C38CD2A}"
EndProject
Project("{8BC9CEB8-8B4A-11D0-8D11-00A0C91BC942}") = "ParticleBasicTest.NativeActivity", "Android\ParticleBasicTest.NativeActivity\ParticleBasicTest.NativeActivity.vcxproj", "{FC37DF12-BB9F-4CDB-8182-4DE0845E3A51}"
	ProjectSection(ProjectDependencies) = postProject
		{A8C85841-7881-4EF3-B91B-0985F1DA2AD1} = {A8C85841-7881-4EF3-B91B-0985F1DA2AD1}
		{A82AAE65-E1A4-4D1E-9128-EE95953BA6A0} = {A82AAE65-E1A4-4D1E-9128-EE95953BA6A0}
	EndProjectSection
EndProject
Project("{39E2626F-3545-4960-A6E8-258AD8476CE5}") = "ParticleBasicTest.Packaging", "Android\ParticleBasicTest.Packaging\ParticleBasicTest.Packaging.androidproj", "{EABBB06A-50BE-4B53-BCAC-1EAF8857F50D}"
EndProject
Project("{8BC9CEB8-8B4A-11D0-8D11-00A0C91BC942}") = "ParticleExplosions.NativeActivity", "Android\ParticleExplosions.NativeActivity\ParticleExplosions.NativeActivity.vcxproj", "{FD347D16-2921-4771-9346-96C30C4A9D13}"
	ProjectSection(ProjectDependencies) = postProject
		{A8C85841-7881-4EF3-B91B-0985F1DA2AD1} = {A8C85841-7881-4EF3-B91B-0985F1DA2AD1}
		{A82AAE65-E1A4-4D1E-9128-EE95953BA6A0} = {A82AAE65-E1A4-4D1E-9128-EE95953BA6A0}
	EndProjectSection
EndProject
Project("{39E2626F-3545-4960-A6E8-258AD8476CE5}") = "ParticleExplosions.Packaging", "Android\ParticleExplosions.Packaging\ParticleExplosions.Packaging.androidproj", "{3D6F7DC3-5ED8-4CDB-B8CA-E200A3407CB6}"
EndProject
Project("{8BC9CEB8-8B4A-11D0-8D11-00A0C91BC942}") = "ParticleTrails.NativeActivity", "Android\ParticleTrails.NativeActivity\ParticleTrails.NativeActivity.vcxproj", "{52AC5B3D-4F53-42F6-AF58-735D3EC69A46}"
	ProjectSection(ProjectDependencies) = postProject
		{A8C85841-7881-4EF3-B91B-0985F1DA2AD1} = {A8C85841-7881-4EF3-B91B-0985F1DA2AD1}
		{A82AAE65-E1A4-4D1E-9128-EE95953BA6A0} = {A82AAE65-E1A4-4D1E-9128-EE95953BA6A0}
	EndProjectSection
EndProject
Project("{39E2626F-3545-4960-A6E8-258AD8476CE5}") = "ParticleTrails.Packaging", "Android\ParticleTrails.Packaging\ParticleTrails.Packaging.androidproj", "{5F45B47A-6CE6-4787-8205-0CBFF8C7A44E}"
EndProject
Project("{8BC9CEB8-8B4A-11D0-8D11-00A0C91BC942}") = "TerrainTest.NativeActivity", "Android\TerrainTest.NativeActivity\TerrainTest.NativeActivity.vcxproj", "{0C714582-1BF3-44F8-B14B-AED788A461D0}"
	ProjectSection(ProjectDependencies) = postProject
		{A8C85841-7881-4EF3-B91B-0985F1DA2AD1} = {A8C85841-7881-4EF3-B91B-0985F1DA2AD1}
		{A82AAE65-E1A4-4D1E-9128-EE95953BA6A0} = {A82AAE65-E1A4-4D1E-9128-EE95953BA6A0}
	EndProjectSection
EndProject
Project("{39E2626F-3545-4960-A6E8-258AD8476CE5}") = "TerrainTest.Packaging", "Android\TerrainTest.Packaging\TerrainTest.Packaging.androidproj", "{9E828AA6-7503-4C1F-8D73-5BDDFCEAA938}"
EndProject
Project("{8BC9CEB8-8B4A-11D0-8D11-00A0C91BC942}") = "SkyBoxTest.NativeActivity", "Android\SkyBoxTest.NativeActivity\SkyBoxTest.NativeActivity.vcxproj", "{3B687FB5-053F-4779-9F45-5B2E3F3A0AE1}"
	ProjectSection(ProjectDependencies) = postProject
		{A8C85841-7881-4EF3-B91B-0985F1DA2AD1} = {A8C85841-7881-4EF3-B91B-0985F1DA2AD1}
		{A82AAE65-E1A4-4D1E-9128-EE95953BA6A0} = {A82AAE65-E1A4-4D1E-9128-EE95953BA6A0}
	EndProjectSection
EndProject
Project("{39E2626F-3545-4960-A6E8-258AD8476CE5}") = "SkyBoxTest.Packaging", "Android\SkyBoxTest.Packaging\SkyBoxTest.Packaging.androidproj", "{F0198DE9-50E6-4CFF-919B-7F5E2A0E59B9}"
EndProject
Project("{8BC9CEB8-8B4A-11D0-8D11-00A0C91BC942}") = "RibbonTest.NativeActivity", "Android\RibbonTest.NativeActivity\RibbonTest.NativeActivity.vcxproj", "{0A6AF112-8567-42DC-AC71-4F302A924C5F}"
	ProjectSection(ProjectDependencies) = postProject
		{A8C85841-7881-4EF3-B91B-0985F1DA2AD1} = {A8C85841-7881-4EF3-B91B-0985F1DA2AD1}
		{A82AAE65-E1A4-4D1E-9128-EE95953BA6A0} = {A82AAE65-E1A4-4D1E-9128-EE95953BA6A0}
	EndProjectSection
EndProject
Project("{39E2626F-3545-4960-A6E8-258AD8476CE5}") = "RibbonTest.Packaging", "Android\RibbonTest.Packaging\RibbonTest.Packaging.androidproj", "{1DD2C720-ECFE-4490-A563-959D2DCF252A}"
EndProject
Project("{8BC9CEB8-8B4A-11D0-8D11-00A0C91BC942}") = "ParticleFires.NativeActivity", "Android\ParticleFires.NativeActivity\ParticleFires.NativeActivity.vcxproj", "{344A52C0-6E7D-4D6A-B4CB-456F26AA8009}"
	ProjectSection(ProjectDependencies) = postProject
		{A8C85841-7881-4EF3-B91B-0985F1DA2AD1} = {A8C85841-7881-4EF3-B91B-0985F1DA2AD1}
		{A82AAE65-E1A4-4D1E-9128-EE95953BA6A0} = {A82AAE65-E1A4-4D1E-9128-EE95953BA6A0}
	EndProjectSection
EndProject
Project("{39E2626F-3545-4960-A6E8-258AD8476CE5}") = "ParticleFires.Packaging", "Android\ParticleFires.Packaging\ParticleFires.Packaging.androidproj", "{04D43420-9E83-4D49-8E7F-B10C24742F02}"
EndProject
Global
	GlobalSection(SolutionConfigurationPlatforms) = preSolution
		Debug|ARM = Debug|ARM
		Debug|x86 = Debug|x86
		Release|ARM = Release|ARM
		Release|x86 = Release|x86
	EndGlobalSection
	GlobalSection(ProjectConfigurationPlatforms) = postSolution
		{419EE270-C09A-413C-833E-D733F39DCAA2}.Debug|ARM.ActiveCfg = Debug|ARM
		{419EE270-C09A-413C-833E-D733F39DCAA2}.Debug|ARM.Build.0 = Debug|ARM
		{419EE270-C09A-413C-833E-D733F39DCAA2}.Debug|ARM.Deploy.0 = Debug|ARM
		{419EE270-C09A-413C-833E-D733F39DCAA2}.Debug|x86.ActiveCfg = Debug|x86
		{419EE270-C09A-413C-833E-D733F39DCAA2}.Debug|x86.Build.0 = Debug|x86
		{419EE270-C09A-413C-833E-D733F39DCAA2}.Debug|x86.Deploy.0 = Debug|x86
		{419EE270-C09A-413C-833E-D733F39DCAA2}.Release|ARM.ActiveCfg = Release|ARM
		{419EE270-C09A-413C-833E-D733F39DCAA2}.Release|ARM.Build.0 = Release|ARM
		{419EE270-C09A-413C-833E-D733F39DCAA2}.Release|ARM.Deploy.0 = Release|ARM
		{419EE270-C09A-413C-833E-D733F39DCAA2}.Release|x86.ActiveCfg = Release|x86
		{419EE270-C09A-413C-833E-D733F39DCAA2}.Release|x86.Build.0 = Release|x86
		{419EE270-C09A-413C-833E-D733F39DCAA2}.Release|x86.Deploy.0 = Release|x86
		{1028B570-EC5B-4648-82D3-9476036D89E3}.Debug|ARM.ActiveCfg = Debug|ARM
		{1028B570-EC5B-4648-82D3-9476036D89E3}.Debug|ARM.Build.0 = Debug|ARM
		{1028B570-EC5B-4648-82D3-9476036D89E3}.Debug|x86.ActiveCfg = Debug|x86
		{1028B570-EC5B-4648-82D3-9476036D89E3}.Debug|x86.Build.0 = Debug|x86
		{1028B570-EC5B-4648-82D3-9476036D89E3}.Release|ARM.ActiveCfg = Release|ARM
		{1028B570-EC5B-4648-82D3-9476036D89E3}.Release|ARM.Build.0 = Release|ARM
		{1028B570-EC5B-4648-82D3-9476036D89E3}.Release|x86.ActiveCfg = Release|x86
		{1028B570-EC5B-4648-82D3-9476036D89E3}.Release|x86.Build.0 = Release|x86
		{A82AAE65-E1A4-4D1E-9128-EE95953BA6A0}.Debug|ARM.ActiveCfg = Debug|ARM
		{A82AAE65-E1A4-4D1E-9128-EE95953BA6A0}.Debug|ARM.Build.0 = Debug|ARM
		{A82AAE65-E1A4-4D1E-9128-EE95953BA6A0}.Debug|x86.ActiveCfg = Debug|x86
		{A82AAE65-E1A4-4D1E-9128-EE95953BA6A0}.Debug|x86.Build.0 = Debug|x86
		{A82AAE65-E1A4-4D1E-9128-EE95953BA6A0}.Release|ARM.ActiveCfg = Release|ARM
		{A82AAE65-E1A4-4D1E-9128-EE95953BA6A0}.Release|ARM.Build.0 = Release|ARM
		{A82AAE65-E1A4-4D1E-9128-EE95953BA6A0}.Release|x86.ActiveCfg = Release|x86
		{A82AAE65-E1A4-4D1E-9128-EE95953BA6A0}.Release|x86.Build.0 = Release|x86
		{A8C85841-7881-4EF3-B91B-0985F1DA2AD1}.Debug|ARM.ActiveCfg = Debug|ARM
		{A8C85841-7881-4EF3-B91B-0985F1DA2AD1}.Debug|ARM.Build.0 = Debug|ARM
		{A8C85841-7881-4EF3-B91B-0985F1DA2AD1}.Debug|x86.ActiveCfg = Debug|x86
		{A8C85841-7881-4EF3-B91B-0985F1DA2AD1}.Debug|x86.Build.0 = Debug|x86
		{A8C85841-7881-4EF3-B91B-0985F1DA2AD1}.Release|ARM.ActiveCfg = Release|ARM
		{A8C85841-7881-4EF3-B91B-0985F1DA2AD1}.Release|ARM.Build.0 = Release|ARM
		{A8C85841-7881-4EF3-B91B-0985F1DA2AD1}.Release|x86.ActiveCfg = Release|x86
		{A8C85841-7881-4EF3-B91B-0985F1DA2AD1}.Release|x86.Build.0 = Release|x86
		{D26A57F7-3869-405A-A643-AEC495521609}.Debug|ARM.ActiveCfg = Debug|ARM
		{D26A57F7-3869-405A-A643-AEC495521609}.Debug|ARM.Build.0 = Debug|ARM
		{D26A57F7-3869-405A-A643-AEC495521609}.Debug|x86.ActiveCfg = Debug|x86
		{D26A57F7-3869-405A-A643-AEC495521609}.Debug|x86.Build.0 = Debug|x86
		{D26A57F7-3869-405A-A643-AEC495521609}.Release|ARM.ActiveCfg = Release|ARM
		{D26A57F7-3869-405A-A643-AEC495521609}.Release|ARM.Build.0 = Release|ARM
		{D26A57F7-3869-405A-A643-AEC495521609}.Release|x86.ActiveCfg = Release|x86
		{D26A57F7-3869-405A-A643-AEC495521609}.Release|x86.Build.0 = Release|x86
		{212BDDC4-D660-403A-8289-A2FFDDFBB398}.Debug|ARM.ActiveCfg = Debug|ARM
		{212BDDC4-D660-403A-8289-A2FFDDFBB398}.Debug|ARM.Build.0 = Debug|ARM
		{212BDDC4-D660-403A-8289-A2FFDDFBB398}.Debug|ARM.Deploy.0 = Debug|ARM
		{212BDDC4-D660-403A-8289-A2FFDDFBB398}.Debug|x86.ActiveCfg = Debug|x86
		{212BDDC4-D660-403A-8289-A2FFDDFBB398}.Debug|x86.Build.0 = Debug|x86
		{212BDDC4-D660-403A-8289-A2FFDDFBB398}.Debug|x86.Deploy.0 = Debug|x86
		{212BDDC4-D660-403A-8289-A2FFDDFBB398}.Release|ARM.ActiveCfg = Release|ARM
		{212BDDC4-D660-403A-8289-A2FFDDFBB398}.Release|ARM.Build.0 = Release|ARM
		{212BDDC4-D660-403A-8289-A2FFDDFBB398}.Release|ARM.Deploy.0 = Release|ARM
		{212BDDC4-D660-403A-8289-A2FFDDFBB398}.Release|x86.ActiveCfg = Release|x86
		{212BDDC4-D660-403A-8289-A2FFDDFBB398}.Release|x86.Build.0 = Release|x86
		{212BDDC4-D660-403A-8289-A2FFDDFBB398}.Release|x86.Deploy.0 = Release|x86
		{AB5979F1-F95C-4BA3-99F8-C77BD9BA2EA5}.Debug|ARM.ActiveCfg = Debug|ARM
		{AB5979F1-F95C-4BA3-99F8-C77BD9BA2EA5}.Debug|ARM.Build.0 = Debug|ARM
		{AB5979F1-F95C-4BA3-99F8-C77BD9BA2EA5}.Debug|x86.ActiveCfg = Debug|x86
		{AB5979F1-F95C-4BA3-99F8-C77BD9BA2EA5}.Debug|x86.Build.0 = Debug|x86
		{AB5979F1-F95C-4BA3-99F8-C77BD9BA2EA5}.Release|ARM.ActiveCfg = Release|ARM
		{AB5979F1-F95C-4BA3-99F8-C77BD9BA2EA5}.Release|ARM.Build.0 = Release|ARM
		{AB5979F1-F95C-4BA3-99F8-C77BD9BA2EA5}.Release|x86.ActiveCfg = Release|x86
		{AB5979F1-F95C-4BA3-99F8-C77BD9BA2EA5}.Release|x86.Build.0 = Release|x86
		{F71EA7ED-79F1-4BD8-BD67-C45C7C38CD2A}.Debug|ARM.ActiveCfg = Debug|ARM
		{F71EA7ED-79F1-4BD8-BD67-C45C7C38CD2A}.Debug|ARM.Build.0 = Debug|ARM
		{F71EA7ED-79F1-4BD8-BD67-C45C7C38CD2A}.Debug|ARM.Deploy.0 = Debug|ARM
		{F71EA7ED-79F1-4BD8-BD67-C45C7C38CD2A}.Debug|x86.ActiveCfg = Debug|x86
		{F71EA7ED-79F1-4BD8-BD67-C45C7C38CD2A}.Debug|x86.Build.0 = Debug|x86
		{F71EA7ED-79F1-4BD8-BD67-C45C7C38CD2A}.Debug|x86.Deploy.0 = Debug|x86
		{F71EA7ED-79F1-4BD8-BD67-C45C7C38CD2A}.Release|ARM.ActiveCfg = Release|ARM
		{F71EA7ED-79F1-4BD8-BD67-C45C7C38CD2A}.Release|ARM.Build.0 = Release|ARM
		{F71EA7ED-79F1-4BD8-BD67-C45C7C38CD2A}.Release|ARM.Deploy.0 = Release|ARM
		{F71EA7ED-79F1-4BD8-BD67-C45C7C38CD2A}.Release|x86.ActiveCfg = Release|x86
		{F71EA7ED-79F1-4BD8-BD67-C45C7C38CD2A}.Release|x86.Build.0 = Release|x86
		{F71EA7ED-79F1-4BD8-BD67-C45C7C38CD2A}.Release|x86.Deploy.0 = Release|x86
		{FC37DF12-BB9F-4CDB-8182-4DE0845E3A51}.Debug|ARM.ActiveCfg = Debug|ARM
		{FC37DF12-BB9F-4CDB-8182-4DE0845E3A51}.Debug|ARM.Build.0 = Debug|ARM
		{FC37DF12-BB9F-4CDB-8182-4DE0845E3A51}.Debug|x86.ActiveCfg = Debug|x86
		{FC37DF12-BB9F-4CDB-8182-4DE0845E3A51}.Debug|x86.Build.0 = Debug|x86
		{FC37DF12-BB9F-4CDB-8182-4DE0845E3A51}.Release|ARM.ActiveCfg = Release|ARM
		{FC37DF12-BB9F-4CDB-8182-4DE0845E3A51}.Release|ARM.Build.0 = Release|ARM
		{FC37DF12-BB9F-4CDB-8182-4DE0845E3A51}.Release|x86.ActiveCfg = Release|x86
		{FC37DF12-BB9F-4CDB-8182-4DE0845E3A51}.Release|x86.Build.0 = Release|x86
		{EABBB06A-50BE-4B53-BCAC-1EAF8857F50D}.Debug|ARM.ActiveCfg = Debug|ARM
		{EABBB06A-50BE-4B53-BCAC-1EAF8857F50D}.Debug|ARM.Build.0 = Debug|ARM
		{EABBB06A-50BE-4B53-BCAC-1EAF8857F50D}.Debug|ARM.Deploy.0 = Debug|ARM
		{EABBB06A-50BE-4B53-BCAC-1EAF8857F50D}.Debug|x86.ActiveCfg = Debug|x86
		{EABBB06A-50BE-4B53-BCAC-1EAF8857F50D}.Debug|x86.Build.0 = Debug|x86
		{EABBB06A-50BE-4B53-BCAC-1EAF8857F50D}.Debug|x86.Deploy.0 = Debug|x86
		{EABBB06A-50BE-4B53-BCAC-1EAF8857F50D}.Release|ARM.ActiveCfg = Release|ARM
		{EABBB06A-50BE-4B53-BCAC-1EAF8857F50D}.Release|ARM.Build.0 = Release|ARM
		{EABBB06A-50BE-4B53-BCAC-1EAF8857F50D}.Release|ARM.Deploy.0 = Release|ARM
		{EABBB06A-50BE-4B53-BCAC-1EAF8857F50D}.Release|x86.ActiveCfg = Release|x86
		{EABBB06A-50BE-4B53-BCAC-1EAF8857F50D}.Release|x86.Build.0 = Release|x86
		{EABBB06A-50BE-4B53-BCAC-1EAF8857F50D}.Release|x86.Deploy.0 = Release|x86
		{FD347D16-2921-4771-9346-96C30C4A9D13}.Debug|ARM.ActiveCfg = Debug|ARM
		{FD347D16-2921-4771-9346-96C30C4A9D13}.Debug|ARM.Build.0 = Debug|ARM
		{FD347D16-2921-4771-9346-96C30C4A9D13}.Debug|x86.ActiveCfg = Debug|x86
		{FD347D16-2921-4771-9346-96C30C4A9D13}.Debug|x86.Build.0 = Debug|x86
		{FD347D16-2921-4771-9346-96C30C4A9D13}.Release|ARM.ActiveCfg = Release|ARM
		{FD347D16-2921-4771-9346-96C30C4A9D13}.Release|ARM.Build.0 = Release|ARM
		{FD347D16-2921-4771-9346-96C30C4A9D13}.Release|x86.ActiveCfg = Release|x86
		{FD347D16-2921-4771-9346-96C30C4A9D13}.Release|x86.Build.0 = Release|x86
		{3D6F7DC3-5ED8-4CDB-B8CA-E200A3407CB6}.Debug|ARM.ActiveCfg = Debug|ARM
		{3D6F7DC3-5ED8-4CDB-B8CA-E200A3407CB6}.Debug|ARM.Build.0 = Debug|ARM
		{3D6F7DC3-5ED8-4CDB-B8CA-E200A3407CB6}.Debug|ARM.Deploy.0 = Debug|ARM
		{3D6F7DC3-5ED8-4CDB-B8CA-E200A3407CB6}.Debug|x86.ActiveCfg = Debug|x86
		{3D6F7DC3-5ED8-4CDB-B8CA-E200A3407CB6}.Debug|x86.Build.0 = Debug|x86
		{3D6F7DC3-5ED8-4CDB-B8CA-E200A3407CB6}.Debug|x86.Deploy.0 = Debug|x86
		{3D6F7DC3-5ED8-4CDB-B8CA-E200A3407CB6}.Release|ARM.ActiveCfg = Release|ARM
		{3D6F7DC3-5ED8-4CDB-B8CA-E200A3407CB6}.Release|ARM.Build.0 = Release|ARM
		{3D6F7DC3-5ED8-4CDB-B8CA-E200A3407CB6}.Release|ARM.Deploy.0 = Release|ARM
		{3D6F7DC3-5ED8-4CDB-B8CA-E200A3407CB6}.Release|x86.ActiveCfg = Release|x86
		{3D6F7DC3-5ED8-4CDB-B8CA-E200A3407CB6}.Release|x86.Build.0 = Release|x86
		{3D6F7DC3-5ED8-4CDB-B8CA-E200A3407CB6}.Release|x86.Deploy.0 = Release|x86
		{52AC5B3D-4F53-42F6-AF58-735D3EC69A46}.Debug|ARM.ActiveCfg = Debug|ARM
		{52AC5B3D-4F53-42F6-AF58-735D3EC69A46}.Debug|ARM.Build.0 = Debug|ARM
		{52AC5B3D-4F53-42F6-AF58-735D3EC69A46}.Debug|x86.ActiveCfg = Debug|x86
		{52AC5B3D-4F53-42F6-AF58-735D3EC69A46}.Debug|x86.Build.0 = Debug|x86
		{52AC5B3D-4F53-42F6-AF58-735D3EC69A46}.Release|ARM.ActiveCfg = Release|ARM
		{52AC5B3D-4F53-42F6-AF58-735D3EC69A46}.Release|ARM.Build.0 = Release|ARM
		{52AC5B3D-4F53-42F6-AF58-735D3EC69A46}.Release|x86.ActiveCfg = Release|x86
		{52AC5B3D-4F53-42F6-AF58-735D3EC69A46}.Release|x86.Build.0 = Release|x86
		{5F45B47A-6CE6-4787-8205-0CBFF8C7A44E}.Debug|ARM.ActiveCfg = Debug|ARM
		{5F45B47A-6CE6-4787-8205-0CBFF8C7A44E}.Debug|ARM.Build.0 = Debug|ARM
		{5F45B47A-6CE6-4787-8205-0CBFF8C7A44E}.Debug|ARM.Deploy.0 = Debug|ARM
		{5F45B47A-6CE6-4787-8205-0CBFF8C7A44E}.Debug|x86.ActiveCfg = Debug|x86
		{5F45B47A-6CE6-4787-8205-0CBFF8C7A44E}.Debug|x86.Build.0 = Debug|x86
		{5F45B47A-6CE6-4787-8205-0CBFF8C7A44E}.Debug|x86.Deploy.0 = Debug|x86
		{5F45B47A-6CE6-4787-8205-0CBFF8C7A44E}.Release|ARM.ActiveCfg = Release|ARM
		{5F45B47A-6CE6-4787-8205-0CBFF8C7A44E}.Release|ARM.Build.0 = Release|ARM
		{5F45B47A-6CE6-4787-8205-0CBFF8C7A44E}.Release|ARM.Deploy.0 = Release|ARM
		{5F45B47A-6CE6-4787-8205-0CBFF8C7A44E}.Release|x86.ActiveCfg = Release|x86
		{5F45B47A-6CE6-4787-8205-0CBFF8C7A44E}.Release|x86.Build.0 = Release|x86
		{5F45B47A-6CE6-4787-8205-0CBFF8C7A44E}.Release|x86.Deploy.0 = Release|x86
		{0C714582-1BF3-44F8-B14B-AED788A461D0}.Debug|ARM.ActiveCfg = Debug|ARM
		{0C714582-1BF3-44F8-B14B-AED788A461D0}.Debug|ARM.Build.0 = Debug|ARM
		{0C714582-1BF3-44F8-B14B-AED788A461D0}.Debug|x86.ActiveCfg = Debug|x86
		{0C714582-1BF3-44F8-B14B-AED788A461D0}.Debug|x86.Build.0 = Debug|x86
		{0C714582-1BF3-44F8-B14B-AED788A461D0}.Release|ARM.ActiveCfg = Release|ARM
		{0C714582-1BF3-44F8-B14B-AED788A461D0}.Release|ARM.Build.0 = Release|ARM
		{0C714582-1BF3-44F8-B14B-AED788A461D0}.Release|x86.ActiveCfg = Release|x86
		{0C714582-1BF3-44F8-B14B-AED788A461D0}.Release|x86.Build.0 = Release|x86
		{9E828AA6-7503-4C1F-8D73-5BDDFCEAA938}.Debug|ARM.ActiveCfg = Debug|ARM
		{9E828AA6-7503-4C1F-8D73-5BDDFCEAA938}.Debug|ARM.Build.0 = Debug|ARM
		{9E828AA6-7503-4C1F-8D73-5BDDFCEAA938}.Debug|ARM.Deploy.0 = Debug|ARM
		{9E828AA6-7503-4C1F-8D73-5BDDFCEAA938}.Debug|x86.ActiveCfg = Debug|x86
		{9E828AA6-7503-4C1F-8D73-5BDDFCEAA938}.Debug|x86.Build.0 = Debug|x86
		{9E828AA6-7503-4C1F-8D73-5BDDFCEAA938}.Debug|x86.Deploy.0 = Debug|x86
		{9E828AA6-7503-4C1F-8D73-5BDDFCEAA938}.Release|ARM.ActiveCfg = Release|ARM
		{9E828AA6-7503-4C1F-8D73-5BDDFCEAA938}.Release|ARM.Build.0 = Release|ARM
		{9E828AA6-7503-4C1F-8D73-5BDDFCEAA938}.Release|ARM.Deploy.0 = Release|ARM
		{9E828AA6-7503-4C1F-8D73-5BDDFCEAA938}.Release|x86.ActiveCfg = Release|x86
		{9E828AA6-7503-4C1F-8D73-5BDDFCEAA938}.Release|x86.Build.0 = Release|x86
		{9E828AA6-7503-4C1F-8D73-5BDDFCEAA938}.Release|x86.Deploy.0 = Release|x86
		{3B687FB5-053F-4779-9F45-5B2E3F3A0AE1}.Debug|ARM.ActiveCfg = Debug|ARM
		{3B687FB5-053F-4779-9F45-5B2E3F3A0AE1}.Debug|ARM.Build.0 = Debug|ARM
		{3B687FB5-053F-4779-9F45-5B2E3F3A0AE1}.Debug|x86.ActiveCfg = Debug|x86
		{3B687FB5-053F-4779-9F45-5B2E3F3A0AE1}.Debug|x86.Build.0 = Debug|x86
		{3B687FB5-053F-4779-9F45-5B2E3F3A0AE1}.Release|ARM.ActiveCfg = Release|ARM
		{3B687FB5-053F-4779-9F45-5B2E3F3A0AE1}.Release|ARM.Build.0 = Release|ARM
		{3B687FB5-053F-4779-9F45-5B2E3F3A0AE1}.Release|x86.ActiveCfg = Release|x86
		{3B687FB5-053F-4779-9F45-5B2E3F3A0AE1}.Release|x86.Build.0 = Release|x86
		{F0198DE9-50E6-4CFF-919B-7F5E2A0E59B9}.Debug|ARM.ActiveCfg = Debug|ARM
		{F0198DE9-50E6-4CFF-919B-7F5E2A0E59B9}.Debug|ARM.Build.0 = Debug|ARM
		{F0198DE9-50E6-4CFF-919B-7F5E2A0E59B9}.Debug|ARM.Deploy.0 = Debug|ARM
		{F0198DE9-50E6-4CFF-919B-7F5E2A0E59B9}.Debug|x86.ActiveCfg = Debug|x86
		{F0198DE9-50E6-4CFF-919B-7F5E2A0E59B9}.Debug|x86.Build.0 = Debug|x86
		{F0198DE9-50E6-4CFF-919B-7F5E2A0E59B9}.Debug|x86.Deploy.0 = Debug|x86
		{F0198DE9-50E6-4CFF-919B-7F5E2A0E59B9}.Release|ARM.ActiveCfg = Release|ARM
		{F0198DE9-50E6-4CFF-919B-7F5E2A0E59B9}.Release|ARM.Build.0 = Release|ARM
		{F0198DE9-50E6-4CFF-919B-7F5E2A0E59B9}.Release|ARM.Deploy.0 = Release|ARM
		{F0198DE9-50E6-4CFF-919B-7F5E2A0E59B9}.Release|x86.ActiveCfg = Release|x86
		{F0198DE9-50E6-4CFF-919B-7F5E2A0E59B9}.Release|x86.Build.0 = Release|x86
		{F0198DE9-50E6-4CFF-919B-7F5E2A0E59B9}.Release|x86.Deploy.0 = Release|x86
		{0A6AF112-8567-42DC-AC71-4F302A924C5F}.Debug|ARM.ActiveCfg = Debug|ARM
		{0A6AF112-8567-42DC-AC71-4F302A924C5F}.Debug|ARM.Build.0 = Debug|ARM
		{0A6AF112-8567-42DC-AC71-4F302A924C5F}.Debug|x86.ActiveCfg = Debug|x86
		{0A6AF112-8567-42DC-AC71-4F302A924C5F}.Debug|x86.Build.0 = Debug|x86
		{0A6AF112-8567-42DC-AC71-4F302A924C5F}.Release|ARM.ActiveCfg = Release|ARM
		{0A6AF112-8567-42DC-AC71-4F302A924C5F}.Release|ARM.Build.0 = Release|ARM
		{0A6AF112-8567-42DC-AC71-4F302A924C5F}.Release|x86.ActiveCfg = Release|x86
		{0A6AF112-8567-42DC-AC71-4F302A924C5F}.Release|x86.Build.0 = Release|x86
		{1DD2C720-ECFE-4490-A563-959D2DCF252A}.Debug|ARM.ActiveCfg = Debug|ARM
		{1DD2C720-ECFE-4490-A563-959D2DCF252A}.Debug|ARM.Build.0 = Debug|ARM
		{1DD2C720-ECFE-4490-A563-959D2DCF252A}.Debug|ARM.Deploy.0 = Debug|ARM
		{1DD2C720-ECFE-4490-A563-959D2DCF252A}.Debug|x86.ActiveCfg = Debug|x86
		{1DD2C720-ECFE-4490-A563-959D2DCF252A}.Debug|x86.Build.0 = Debug|x86
		{1DD2C720-ECFE-4490-A563-959D2DCF252A}.Debug|x86.Deploy.0 = Debug|x86
		{1DD2C720-ECFE-4490-A563-959D2DCF252A}.Release|ARM.ActiveCfg = Release|ARM
		{1DD2C720-ECFE-4490-A563-959D2DCF252A}.Release|ARM.Build.0 = Release|ARM
		{1DD2C720-ECFE-4490-A563-959D2DCF252A}.Release|ARM.Deploy.0 = Release|ARM
		{1DD2C720-ECFE-4490-A563-959D2DCF252A}.Release|x86.ActiveCfg = Release|x86
		{1DD2C720-ECFE-4490-A563-959D2DCF252A}.Release|x86.Build.0 = Release|x86
		{1DD2C720-ECFE-4490-A563-959D2DCF252A}.Release|x86.Deploy.0 = Release|x86
		{344A52C0-6E7D-4D6A-B4CB-456F26AA8009}.Debug|ARM.ActiveCfg = Debug|ARM
		{344A52C0-6E7D-4D6A-B4CB-456F26AA8009}.Debug|ARM.Build.0 = Debug|ARM
		{344A52C0-6E7D-4D6A-B4CB-456F26AA8009}.Debug|x86.ActiveCfg = Debug|x86
		{344A52C0-6E7D-4D6A-B4CB-456F26AA8009}.Debug|x86.Build.0 = Debug|x86
		{344A52C0-6E7D-4D6A-B4CB-456F26AA8009}.Release|ARM.ActiveCfg = Release|ARM
		{344A52C0-6E7D-4D6A-B4CB-456F26AA8009}.Release|ARM.Build.0 = Release|ARM
		{344A52C0-6E7D-4D6A-B4CB-456F26AA8009}.Release|x86.ActiveCfg = Release|x86
		{344A52C0-6E7D-4D6A-B4CB-456F26AA8009}.Release|x86.Build.0 = Release|x86
		{04D43420-9E83-4D49-8E7F-B10C24742F02}.Debug|ARM.ActiveCfg = Debug|ARM
		{04D43420-9E83-4D49-8E7F-B10C24742F02}.Debug|ARM.Build.0 = Debug|ARM
		{04D43420-9E83-4D49-8E7F-B10C24742F02}.Debug|ARM.Deploy.0 = Debug|ARM
		{04D43420-9E83-4D49-8E7F-B10C24742F02}.Debug|x86.ActiveCfg = Debug|x86
		{04D43420-9E83-4D49-8E7F-B10C24742F02}.Debug|x86.Build.0 = Debug|x86
		{04D43420-9E83-4D49-8E7F-B10C24742F02}.Debug|x86.Deploy.0 = Debug|x86
		{04D43420-9E83-4D49-8E7F-B10C24742F02}.Release|ARM.ActiveCfg = Release|ARM
		{04D43420-9E83-4D49-8E7F-B10C24742F02}.Release|ARM.Build.0 = Release|ARM
		{04D43420-9E83-4D49-8E7F-B10C24742F02}.Release|ARM.Deploy.0 = Release|ARM
		{04D43420-9E83-4D49-8E7F-B10C24742F02}.Release|x86.ActiveCfg = Release|x86
		{04D43420-9E83-4D49-8E7F-B10C24742F02}.Release|x86.Build.0 = Release|x86
		{04D43420-9E83-4D49-8E7F-B10C24742F02}.Release|x86.Deploy.0 = Release|x86
	EndGlobalSection
	GlobalSection(SolutionProperties) = preSolution
		HideSolutionNode = FALSE
	EndGlobalSection
	GlobalSection(NestedProjects) = preSolution
		{419EE270-C09A-413C-833E-D733F39DCAA2} = {0BC6E182-9178-4D3D-888D-0CEE53987559}
		{1028B570-EC5B-4648-82D3-9476036D89E3} = {0BC6E182-9178-4D3D-888D-0CEE53987559}
		{D26A57F7-3869-405A-A643-AEC495521609} = {0BC6E182-9178-4D3D-888D-0CEE53987559}
		{212BDDC4-D660-403A-8289-A2FFDDFBB398} = {0BC6E182-9178-4D3D-888D-0CEE53987559}
		{AB5979F1-F95C-4BA3-99F8-C77BD9BA2EA5} = {0BC6E182-9178-4D3D-888D-0CEE53987559}
		{F71EA7ED-79F1-4BD8-BD67-C45C7C38CD2A} = {0BC6E182-9178-4D3D-888D-0CEE53987559}
		{FC37DF12-BB9F-4CDB-8182-4DE0845E3A51} = {0BC6E182-9178-4D3D-888D-0CEE53987559}
		{EABBB06A-50BE-4B53-BCAC-1EAF8857F50D} = {0BC6E182-9178-4D3D-888D-0CEE53987559}
		{FD347D16-2921-4771-9346-96C30C4A9D13} = {0BC6E182-9178-4D3D-888D-0CEE53987559}
		{3D6F7DC3-5ED8-4CDB-B8CA-E200A3407CB6} = {0BC6E182-9178-4D3D-888D-0CEE53987559}
		{52AC5B3D-4F53-42F6-AF58-735D3EC69A46} = {0BC6E182-9178-4D3D-888D-0CEE53987559}
		{5F45B47A-6CE6-4787-8205-0CBFF8C7A44E} = {0BC6E182-9178-4D3D-888D-0CEE53987559}
		{0C714582-1BF3-44F8-B14B-AED788A461D0} = {0BC6E182-9178-4D3D-888D-0CEE53987559}
		{9E828AA6-7503-4C1F-8D73-5BDDFCEAA938} = {0BC6E182-9178-4D3D-888D-0CEE53987559}
		{3B687FB5-053F-4779-9F45-5B2E3F3A0AE1} = {0BC6E182-9178-4D3D-888D-0CEE53987559}
		{F0198DE9-50E6-4CFF-919B-7F5E2A0E59B9} = {0BC6E182-9178-4D3D-888D-0CEE53987559}
		{0A6AF112-8567-42DC-AC71-4F302A924C5F} = {0BC6E182-9178-4D3D-888D-0CEE53987559}
		{1DD2C720-ECFE-4490-A563-959D2DCF252A} = {0BC6E182-9178-4D3D-888D-0CEE53987559}
		{344A52C0-6E7D-4D6A-B4CB-456F26AA8009} = {0BC6E182-9178-4D3D-888D-0CEE53987559}
		{04D43420-9E83-4D49-8E7F-B10C24742F02} = {0BC6E182-9178-4D3D-888D-0CEE53987559}
	EndGlobalSection
EndGlobal
