
Microsoft Visual Studio Solution File, Format Version 12.00
# Visual Studio 2013
VisualStudioVersion = 12.0.40629.0
MinimumVisualStudioVersion = 10.0.40219.1
Project("{8BC9CEB8-8B4A-11D0-8D11-00A0C91BC942}") = "Engine", "Source\Engine\Projects\VS2013\Engine.vcxproj", "{8C7D136A-FE6B-44D3-BE10-A2C35ED0FF95}"
EndProject
Project("{8BC9CEB8-8B4A-11D0-8D11-00A0C91BC942}") = "RenderSystem_GLES2", "Source\RenderSystems\Projects\VS2013\RenderSystem_GLES2.vcxproj", "{9384C105-5E5C-411D-857D-0F8E7731C254}"
EndProject
Project("{8BC9CEB8-8B4A-11D0-8D11-00A0C91BC942}") = "BasicTest", "Source\Samples\BasicTest\BasicTest.vcxproj", "{16D0D119-60A6-4AD2-AD50-0C33D2A5D4C3}"
	ProjectSection(ProjectDependencies) = postProject
		{9384C105-5E5C-411D-857D-0F8E7731C254} = {9384C105-5E5C-411D-857D-0F8E7731C254}
		{8D770334-B0FC-49CC-AD5E-67FADBA613EB} = {8D770334-B0FC-49CC-AD5E-67FADBA613EB}
		{8C7D136A-FE6B-44D3-BE10-A2C35ED0FF95} = {8C7D136A-FE6B-44D3-BE10-A2C35ED0FF95}
		{A6508E89-26F3-4B71-BF42-13BE0D4CC2D1} = {A6508E89-26F3-4B71-BF42-13BE0D4CC2D1}
	EndProjectSection
EndProject
Project("{8BC9CEB8-8B4A-11D0-8D11-00A0C91BC942}") = "GLEW", "ThirdParty\glew\GLEW.vcxproj", "{8D770334-B0FC-49CC-AD5E-67FADBA613EB}"
EndProject
Project("{8BC9CEB8-8B4A-11D0-8D11-00A0C91BC942}") = "SDL", "ThirdParty\SDL\SDL.vcxproj", "{A6508E89-26F3-4B71-BF42-13BE0D4CC2D1}"
EndProject
Project("{8BC9CEB8-8B4A-11D0-8D11-00A0C91BC942}") = "HeadTest", "Source\Samples\HeadTest\HeadTest.vcxproj", "{513D8E9A-5E78-43F4-883D-4C8BDCA319F1}"
	ProjectSection(ProjectDependencies) = postProject
		{9384C105-5E5C-411D-857D-0F8E7731C254} = {9384C105-5E5C-411D-857D-0F8E7731C254}
		{8D770334-B0FC-49CC-AD5E-67FADBA613EB} = {8D770334-B0FC-49CC-AD5E-67FADBA613EB}
		{8C7D136A-FE6B-44D3-BE10-A2C35ED0FF95} = {8C7D136A-FE6B-44D3-BE10-A2C35ED0FF95}
		{A6508E89-26F3-4B71-BF42-13BE0D4CC2D1} = {A6508E89-26F3-4B71-BF42-13BE0D4CC2D1}
	EndProjectSection
EndProject
Project("{2150E333-8FDC-42A3-9474-1A3956D46DE8}") = "Samples", "Samples", "{D0750EB7-F5F2-4BC3-90D2-FC33E69D6C99}"
EndProject
Project("{8BC9CEB8-8B4A-11D0-8D11-00A0C91BC942}") = "TerrainTest", "Source\Samples\TerrainTest\TerrainTest.vcxproj", "{27DD203B-1409-4BB8-9E75-9A3A171B73FD}"
	ProjectSection(ProjectDependencies) = postProject
		{9384C105-5E5C-411D-857D-0F8E7731C254} = {9384C105-5E5C-411D-857D-0F8E7731C254}
		{8D770334-B0FC-49CC-AD5E-67FADBA613EB} = {8D770334-B0FC-49CC-AD5E-67FADBA613EB}
		{8C7D136A-FE6B-44D3-BE10-A2C35ED0FF95} = {8C7D136A-FE6B-44D3-BE10-A2C35ED0FF95}
		{A6508E89-26F3-4B71-BF42-13BE0D4CC2D1} = {A6508E89-26F3-4B71-BF42-13BE0D4CC2D1}
	EndProjectSection
EndProject
Project("{8BC9CEB8-8B4A-11D0-8D11-00A0C91BC942}") = "PrimitiveTest", "Source\Samples\PrimitiveTest\PrimitiveTest.vcxproj", "{83714313-FC27-4CE2-85A2-C1611F4E6723}"
	ProjectSection(ProjectDependencies) = postProject
		{9384C105-5E5C-411D-857D-0F8E7731C254} = {9384C105-5E5C-411D-857D-0F8E7731C254}
		{8D770334-B0FC-49CC-AD5E-67FADBA613EB} = {8D770334-B0FC-49CC-AD5E-67FADBA613EB}
		{8C7D136A-FE6B-44D3-BE10-A2C35ED0FF95} = {8C7D136A-FE6B-44D3-BE10-A2C35ED0FF95}
		{A6508E89-26F3-4B71-BF42-13BE0D4CC2D1} = {A6508E89-26F3-4B71-BF42-13BE0D4CC2D1}
	EndProjectSection
EndProject
Project("{8BC9CEB8-8B4A-11D0-8D11-00A0C91BC942}") = "ParticleBasicTest", "Source\Samples\ParticleBasicTest\ParticleBasicTest.vcxproj", "{21108778-FDBC-4BBD-A65F-E08B48EA2C54}"
	ProjectSection(ProjectDependencies) = postProject
		{9384C105-5E5C-411D-857D-0F8E7731C254} = {9384C105-5E5C-411D-857D-0F8E7731C254}
		{8D770334-B0FC-49CC-AD5E-67FADBA613EB} = {8D770334-B0FC-49CC-AD5E-67FADBA613EB}
		{8C7D136A-FE6B-44D3-BE10-A2C35ED0FF95} = {8C7D136A-FE6B-44D3-BE10-A2C35ED0FF95}
		{A6508E89-26F3-4B71-BF42-13BE0D4CC2D1} = {A6508E89-26F3-4B71-BF42-13BE0D4CC2D1}
	EndProjectSection
EndProject
Project("{8BC9CEB8-8B4A-11D0-8D11-00A0C91BC942}") = "ParticleExplosions", "Source\Samples\ParticleExplosions\ParticleExplosions.vcxproj", "{E34A35BB-4E07-4A68-9306-56766C2FBF64}"
	ProjectSection(ProjectDependencies) = postProject
		{9384C105-5E5C-411D-857D-0F8E7731C254} = {9384C105-5E5C-411D-857D-0F8E7731C254}
		{8D770334-B0FC-49CC-AD5E-67FADBA613EB} = {8D770334-B0FC-49CC-AD5E-67FADBA613EB}
		{8C7D136A-FE6B-44D3-BE10-A2C35ED0FF95} = {8C7D136A-FE6B-44D3-BE10-A2C35ED0FF95}
		{A6508E89-26F3-4B71-BF42-13BE0D4CC2D1} = {A6508E89-26F3-4B71-BF42-13BE0D4CC2D1}
	EndProjectSection
EndProject
Project("{8BC9CEB8-8B4A-11D0-8D11-00A0C91BC942}") = "ParticleFires", "Source\Samples\ParticleFires\ParticleFires.vcxproj", "{D9BC7DF1-5C71-46E3-9C80-8ABE28AF05FE}"
	ProjectSection(ProjectDependencies) = postProject
		{9384C105-5E5C-411D-857D-0F8E7731C254} = {9384C105-5E5C-411D-857D-0F8E7731C254}
		{8D770334-B0FC-49CC-AD5E-67FADBA613EB} = {8D770334-B0FC-49CC-AD5E-67FADBA613EB}
		{8C7D136A-FE6B-44D3-BE10-A2C35ED0FF95} = {8C7D136A-FE6B-44D3-BE10-A2C35ED0FF95}
		{A6508E89-26F3-4B71-BF42-13BE0D4CC2D1} = {A6508E89-26F3-4B71-BF42-13BE0D4CC2D1}
	EndProjectSection
EndProject
Project("{8BC9CEB8-8B4A-11D0-8D11-00A0C91BC942}") = "ParticleTrails", "Source\Samples\ParticleTrails\ParticleTrails.vcxproj", "{378ED45D-E33F-4C37-889D-D0B30D107EDA}"
	ProjectSection(ProjectDependencies) = postProject
		{9384C105-5E5C-411D-857D-0F8E7731C254} = {9384C105-5E5C-411D-857D-0F8E7731C254}
		{8D770334-B0FC-49CC-AD5E-67FADBA613EB} = {8D770334-B0FC-49CC-AD5E-67FADBA613EB}
		{8C7D136A-FE6B-44D3-BE10-A2C35ED0FF95} = {8C7D136A-FE6B-44D3-BE10-A2C35ED0FF95}
		{A6508E89-26F3-4B71-BF42-13BE0D4CC2D1} = {A6508E89-26F3-4B71-BF42-13BE0D4CC2D1}
	EndProjectSection
EndProject
Project("{8BC9CEB8-8B4A-11D0-8D11-00A0C91BC942}") = "SkyBoxTest", "Source\Samples\SkyBoxTest\SkyBoxTest.vcxproj", "{F606F9AD-8231-4EE4-8A32-7D06329A0FF4}"
	ProjectSection(ProjectDependencies) = postProject
		{9384C105-5E5C-411D-857D-0F8E7731C254} = {9384C105-5E5C-411D-857D-0F8E7731C254}
		{8D770334-B0FC-49CC-AD5E-67FADBA613EB} = {8D770334-B0FC-49CC-AD5E-67FADBA613EB}
		{8C7D136A-FE6B-44D3-BE10-A2C35ED0FF95} = {8C7D136A-FE6B-44D3-BE10-A2C35ED0FF95}
		{A6508E89-26F3-4B71-BF42-13BE0D4CC2D1} = {A6508E89-26F3-4B71-BF42-13BE0D4CC2D1}
	EndProjectSection
EndProject
Project("{8BC9CEB8-8B4A-11D0-8D11-00A0C91BC942}") = "RibbonTest", "Source\Samples\RibbonTest\RibbonTest.vcxproj", "{011C7940-074A-46F2-9F2F-1C2C4C039AAD}"
	ProjectSection(ProjectDependencies) = postProject
		{9384C105-5E5C-411D-857D-0F8E7731C254} = {9384C105-5E5C-411D-857D-0F8E7731C254}
		{8D770334-B0FC-49CC-AD5E-67FADBA613EB} = {8D770334-B0FC-49CC-AD5E-67FADBA613EB}
		{8C7D136A-FE6B-44D3-BE10-A2C35ED0FF95} = {8C7D136A-FE6B-44D3-BE10-A2C35ED0FF95}
		{A6508E89-26F3-4B71-BF42-13BE0D4CC2D1} = {A6508E89-26F3-4B71-BF42-13BE0D4CC2D1}
	EndProjectSection
EndProject
Global
	GlobalSection(SolutionConfigurationPlatforms) = preSolution
		Debug|Win32 = Debug|Win32
		Release|Win32 = Release|Win32
	EndGlobalSection
	GlobalSection(ProjectConfigurationPlatforms) = postSolution
		{8C7D136A-FE6B-44D3-BE10-A2C35ED0FF95}.Debug|Win32.ActiveCfg = Debug|Win32
		{8C7D136A-FE6B-44D3-BE10-A2C35ED0FF95}.Debug|Win32.Build.0 = Debug|Win32
		{8C7D136A-FE6B-44D3-BE10-A2C35ED0FF95}.Release|Win32.ActiveCfg = Release|Win32
		{8C7D136A-FE6B-44D3-BE10-A2C35ED0FF95}.Release|Win32.Build.0 = Release|Win32
		{9384C105-5E5C-411D-857D-0F8E7731C254}.Debug|Win32.ActiveCfg = Debug|Win32
		{9384C105-5E5C-411D-857D-0F8E7731C254}.Debug|Win32.Build.0 = Debug|Win32
		{9384C105-5E5C-411D-857D-0F8E7731C254}.Release|Win32.ActiveCfg = Release|Win32
		{9384C105-5E5C-411D-857D-0F8E7731C254}.Release|Win32.Build.0 = Release|Win32
		{16D0D119-60A6-4AD2-AD50-0C33D2A5D4C3}.Debug|Win32.ActiveCfg = Debug|Win32
		{16D0D119-60A6-4AD2-AD50-0C33D2A5D4C3}.Debug|Win32.Build.0 = Debug|Win32
		{16D0D119-60A6-4AD2-AD50-0C33D2A5D4C3}.Release|Win32.ActiveCfg = Release|Win32
		{16D0D119-60A6-4AD2-AD50-0C33D2A5D4C3}.Release|Win32.Build.0 = Release|Win32
		{8D770334-B0FC-49CC-AD5E-67FADBA613EB}.Debug|Win32.ActiveCfg = Debug|Win32
		{8D770334-B0FC-49CC-AD5E-67FADBA613EB}.Debug|Win32.Build.0 = Debug|Win32
		{8D770334-B0FC-49CC-AD5E-67FADBA613EB}.Release|Win32.ActiveCfg = Release|Win32
		{8D770334-B0FC-49CC-AD5E-67FADBA613EB}.Release|Win32.Build.0 = Release|Win32
		{A6508E89-26F3-4B71-BF42-13BE0D4CC2D1}.Debug|Win32.ActiveCfg = Debug|Win32
		{A6508E89-26F3-4B71-BF42-13BE0D4CC2D1}.Debug|Win32.Build.0 = Debug|Win32
		{A6508E89-26F3-4B71-BF42-13BE0D4CC2D1}.Release|Win32.ActiveCfg = Release|Win32
		{A6508E89-26F3-4B71-BF42-13BE0D4CC2D1}.Release|Win32.Build.0 = Release|Win32
		{513D8E9A-5E78-43F4-883D-4C8BDCA319F1}.Debug|Win32.ActiveCfg = Debug|Win32
		{513D8E9A-5E78-43F4-883D-4C8BDCA319F1}.Debug|Win32.Build.0 = Debug|Win32
		{513D8E9A-5E78-43F4-883D-4C8BDCA319F1}.Release|Win32.ActiveCfg = Release|Win32
		{513D8E9A-5E78-43F4-883D-4C8BDCA319F1}.Release|Win32.Build.0 = Release|Win32
		{27DD203B-1409-4BB8-9E75-9A3A171B73FD}.Debug|Win32.ActiveCfg = Debug|Win32
		{27DD203B-1409-4BB8-9E75-9A3A171B73FD}.Debug|Win32.Build.0 = Debug|Win32
		{27DD203B-1409-4BB8-9E75-9A3A171B73FD}.Release|Win32.ActiveCfg = Release|Win32
		{27DD203B-1409-4BB8-9E75-9A3A171B73FD}.Release|Win32.Build.0 = Release|Win32
		{83714313-FC27-4CE2-85A2-C1611F4E6723}.Debug|Win32.ActiveCfg = Debug|Win32
		{83714313-FC27-4CE2-85A2-C1611F4E6723}.Debug|Win32.Build.0 = Debug|Win32
		{83714313-FC27-4CE2-85A2-C1611F4E6723}.Release|Win32.ActiveCfg = Release|Win32
		{83714313-FC27-4CE2-85A2-C1611F4E6723}.Release|Win32.Build.0 = Release|Win32
		{21108778-FDBC-4BBD-A65F-E08B48EA2C54}.Debug|Win32.ActiveCfg = Debug|Win32
		{21108778-FDBC-4BBD-A65F-E08B48EA2C54}.Debug|Win32.Build.0 = Debug|Win32
		{21108778-FDBC-4BBD-A65F-E08B48EA2C54}.Release|Win32.ActiveCfg = Release|Win32
		{21108778-FDBC-4BBD-A65F-E08B48EA2C54}.Release|Win32.Build.0 = Release|Win32
		{E34A35BB-4E07-4A68-9306-56766C2FBF64}.Debug|Win32.ActiveCfg = Debug|Win32
		{E34A35BB-4E07-4A68-9306-56766C2FBF64}.Debug|Win32.Build.0 = Debug|Win32
		{E34A35BB-4E07-4A68-9306-56766C2FBF64}.Release|Win32.ActiveCfg = Release|Win32
		{E34A35BB-4E07-4A68-9306-56766C2FBF64}.Release|Win32.Build.0 = Release|Win32
		{D9BC7DF1-5C71-46E3-9C80-8ABE28AF05FE}.Debug|Win32.ActiveCfg = Debug|Win32
		{D9BC7DF1-5C71-46E3-9C80-8ABE28AF05FE}.Debug|Win32.Build.0 = Debug|Win32
		{D9BC7DF1-5C71-46E3-9C80-8ABE28AF05FE}.Release|Win32.ActiveCfg = Release|Win32
		{D9BC7DF1-5C71-46E3-9C80-8ABE28AF05FE}.Release|Win32.Build.0 = Release|Win32
		{378ED45D-E33F-4C37-889D-D0B30D107EDA}.Debug|Win32.ActiveCfg = Debug|Win32
		{378ED45D-E33F-4C37-889D-D0B30D107EDA}.Debug|Win32.Build.0 = Debug|Win32
		{378ED45D-E33F-4C37-889D-D0B30D107EDA}.Release|Win32.ActiveCfg = Release|Win32
		{378ED45D-E33F-4C37-889D-D0B30D107EDA}.Release|Win32.Build.0 = Release|Win32
		{F606F9AD-8231-4EE4-8A32-7D06329A0FF4}.Debug|Win32.ActiveCfg = Debug|Win32
		{F606F9AD-8231-4EE4-8A32-7D06329A0FF4}.Debug|Win32.Build.0 = Debug|Win32
		{F606F9AD-8231-4EE4-8A32-7D06329A0FF4}.Release|Win32.ActiveCfg = Release|Win32
		{F606F9AD-8231-4EE4-8A32-7D06329A0FF4}.Release|Win32.Build.0 = Release|Win32
		{011C7940-074A-46F2-9F2F-1C2C4C039AAD}.Debug|Win32.ActiveCfg = Debug|Win32
		{011C7940-074A-46F2-9F2F-1C2C4C039AAD}.Debug|Win32.Build.0 = Debug|Win32
		{011C7940-074A-46F2-9F2F-1C2C4C039AAD}.Release|Win32.ActiveCfg = Release|Win32
		{011C7940-074A-46F2-9F2F-1C2C4C039AAD}.Release|Win32.Build.0 = Release|Win32
	EndGlobalSection
	GlobalSection(SolutionProperties) = preSolution
		HideSolutionNode = FALSE
	EndGlobalSection
	GlobalSection(NestedProjects) = preSolution
		{16D0D119-60A6-4AD2-AD50-0C33D2A5D4C3} = {D0750EB7-F5F2-4BC3-90D2-FC33E69D6C99}
		{513D8E9A-5E78-43F4-883D-4C8BDCA319F1} = {D0750EB7-F5F2-4BC3-90D2-FC33E69D6C99}
		{27DD203B-1409-4BB8-9E75-9A3A171B73FD} = {D0750EB7-F5F2-4BC3-90D2-FC33E69D6C99}
		{83714313-FC27-4CE2-85A2-C1611F4E6723} = {D0750EB7-F5F2-4BC3-90D2-FC33E69D6C99}
		{21108778-FDBC-4BBD-A65F-E08B48EA2C54} = {D0750EB7-F5F2-4BC3-90D2-FC33E69D6C99}
		{E34A35BB-4E07-4A68-9306-56766C2FBF64} = {D0750EB7-F5F2-4BC3-90D2-FC33E69D6C99}
		{D9BC7DF1-5C71-46E3-9C80-8ABE28AF05FE} = {D0750EB7-F5F2-4BC3-90D2-FC33E69D6C99}
		{378ED45D-E33F-4C37-889D-D0B30D107EDA} = {D0750EB7-F5F2-4BC3-90D2-FC33E69D6C99}
		{F606F9AD-8231-4EE4-8A32-7D06329A0FF4} = {D0750EB7-F5F2-4BC3-90D2-FC33E69D6C99}
		{011C7940-074A-46F2-9F2F-1C2C4C039AAD} = {D0750EB7-F5F2-4BC3-90D2-FC33E69D6C99}
	EndGlobalSection
EndGlobal
